# THIS IS AN AUTOGENERATED FILE. DO NOT EDIT THIS FILE DIRECTLY.
# yarn lockfile v1


colors@^1.1.2:
  version "1.1.2"
  resolved "https://registry.yarnpkg.com/colors/-/colors-1.1.2.tgz#168a4701756b6a7f51a12ce0c97bfa28c084ed63"

lodash@^4.17.5:
  version "4.17.5"
  resolved "https://registry.yarnpkg.com/lodash/-/lodash-4.17.5.tgz#99a92d65c0272debe8c96b6057bc8fbfa3bed511"

minimist@^1.2.0:
  version "1.2.0"
  resolved "https://registry.yarnpkg.com/minimist/-/minimist-1.2.0.tgz#a35008b20f41383eec1fb914f4cd5df79a264284"

mnemonist@^0.18.0:
  version "0.18.0"
  resolved "https://registry.yarnpkg.com/mnemonist/-/mnemonist-0.18.0.tgz#bb7888292beacf6bb7be0cb0c12594fab6bc19e4"
  dependencies:
    obliterator "^1.2.1"

obliterator@^1.2.1:
  version "1.2.1"
  resolved "https://registry.yarnpkg.com/obliterator/-/obliterator-1.2.1.tgz#31e0960bfce0ef23fa6c7e10eb60f974953f91ad"

prettyjson@^1.2.1:
  version "1.2.1"
  resolved "https://registry.yarnpkg.com/prettyjson/-/prettyjson-1.2.1.tgz#fcffab41d19cab4dfae5e575e64246619b12d289"
  dependencies:
    colors "^1.1.2"
    minimist "^1.2.0"

readts@^0.2.0:
  version "0.2.0"
  resolved "https://registry.yarnpkg.com/readts/-/readts-0.2.0.tgz#3700af6f3128b4dda98213bb01eefbddede26e48"
  dependencies:
    typescript "^2.7.2"

typescript@^2.7.2:
  version "2.7.2"
  resolved "https://registry.yarnpkg.com/typescript/-/typescript-2.7.2.tgz#2d615a1ef4aee4f574425cdff7026edf81919836"
